
Microsoft Visual Studio Solution File, Format Version 12.00
# Visual Studio Version 17
VisualStudioVersion = 17.2.32602.215
MinimumVisualStudioVersion = 10.0.40219.1
Project("{9A19103F-16F7-4668-BE54-9A1E7A4F7556}") = "BookFindingAndRatingSystem.Web", "BookFindingAndRatingSystem.Web\BookFindingAndRatingSystem.Web.csproj", "{9CD09FEE-B982-4F43-8EE9-D9CB2E974C8E}"
EndProject
Project("{9A19103F-16F7-4668-BE54-9A1E7A4F7556}") = "BookFindingAndRatingSystem.Common", "BookFindingAndRatingSystem.Common\BookFindingAndRatingSystem.Common.csproj", "{9F89597C-104F-46D9-AD16-689F38041E9F}"
EndProject
Project("{2150E333-8FDC-42A3-9474-1A3956D46DE8}") = "Web", "Web", "{C4B7AE05-036B-4213-BC52-0D159148ED02}"
EndProject
Project("{2150E333-8FDC-42A3-9474-1A3956D46DE8}") = "Data", "Data", "{2C96D0A3-73B9-4069-A8BC-CFAAED5EDFCA}"
EndProject
Project("{9A19103F-16F7-4668-BE54-9A1E7A4F7556}") = "BookFindingAndRatingSystem.Data", "BookFindingAndRatingSystem.Data\BookFindingAndRatingSystem.Data.csproj", "{F65958B2-6A2F-45F9-9B63-A886BC4405EC}"
EndProject
Project("{9A19103F-16F7-4668-BE54-9A1E7A4F7556}") = "BookFindingAndRatingSystem.Data.Models", "BookFindingAndRatingSystem.Data.Models\BookFindingAndRatingSystem.Data.Models.csproj", "{D77DB5AE-F537-4E70-A405-701FA33BDF11}"
EndProject
Project("{9A19103F-16F7-4668-BE54-9A1E7A4F7556}") = "BookFindingAndRatingSystem.Web.ViewModels", "BookFindingAndRatingSystem.Web.ViewModels\BookFindingAndRatingSystem.Web.ViewModels.csproj", "{65D32028-7405-407B-BAD6-6C0C137B90E6}"
EndProject
Project("{2150E333-8FDC-42A3-9474-1A3956D46DE8}") = "Services", "Services", "{E9530AFC-C687-42BD-8A4E-CC6CED458B57}"
EndProject
Project("{9A19103F-16F7-4668-BE54-9A1E7A4F7556}") = "BookFindingAndRatingSystem.Services.Data", "BookFindingAndRatingSystem.Services.Data\BookFindingAndRatingSystem.Services.Data.csproj", "{72385A15-7BF8-476A-9080-13406B9E3E34}"
EndProject
Project("{9A19103F-16F7-4668-BE54-9A1E7A4F7556}") = "BookFindingAndRatingSystem.Web.Infrastucture", "BookFindingAndRatingSystem.Web.Infrastucture\BookFindingAndRatingSystem.Web.Infrastucture.csproj", "{ABDEC12A-6012-4EA6-BE7B-DA317E3D4A47}"
EndProject
Project("{9A19103F-16F7-4668-BE54-9A1E7A4F7556}") = "BookFindingAndRatingSystem.Services.Data.Models", "BookFindingAndRatingSystem.Services.Data.Models\BookFindingAndRatingSystem.Services.Data.Models.csproj", "{76681059-009C-458B-AB85-54FF25BD4CD9}"
EndProject
Project("{2150E333-8FDC-42A3-9474-1A3956D46DE8}") = "Test", "Test", "{405C0CCA-E7D6-4B3B-ADA7-90F4696E69EF}"
EndProject
Project("{FAE04EC0-301F-11D3-BF4B-00C04F79EFBC}") = "BookFindingAndRatingSystem.Services.Tests", "BookFindingAndRatingSystem.Services.Tests\BookFindingAndRatingSystem.Services.Tests.csproj", "{68C80481-FA84-4120-8AF2-848259EB1C7F}"
EndProject
Global
	GlobalSection(SolutionConfigurationPlatforms) = preSolution
		Debug|Any CPU = Debug|Any CPU
		Release|Any CPU = Release|Any CPU
	EndGlobalSection
	GlobalSection(ProjectConfigurationPlatforms) = postSolution
		{9CD09FEE-B982-4F43-8EE9-D9CB2E974C8E}.Debug|Any CPU.ActiveCfg = Debug|Any CPU
		{9CD09FEE-B982-4F43-8EE9-D9CB2E974C8E}.Debug|Any CPU.Build.0 = Debug|Any CPU
		{9CD09FEE-B982-4F43-8EE9-D9CB2E974C8E}.Release|Any CPU.ActiveCfg = Release|Any CPU
		{9CD09FEE-B982-4F43-8EE9-D9CB2E974C8E}.Release|Any CPU.Build.0 = Release|Any CPU
		{9F89597C-104F-46D9-AD16-689F38041E9F}.Debug|Any CPU.ActiveCfg = Debug|Any CPU
		{9F89597C-104F-46D9-AD16-689F38041E9F}.Debug|Any CPU.Build.0 = Debug|Any CPU
		{9F89597C-104F-46D9-AD16-689F38041E9F}.Release|Any CPU.ActiveCfg = Release|Any CPU
		{9F89597C-104F-46D9-AD16-689F38041E9F}.Release|Any CPU.Build.0 = Release|Any CPU
		{F65958B2-6A2F-45F9-9B63-A886BC4405EC}.Debug|Any CPU.ActiveCfg = Debug|Any CPU
		{F65958B2-6A2F-45F9-9B63-A886BC4405EC}.Debug|Any CPU.Build.0 = Debug|Any CPU
		{F65958B2-6A2F-45F9-9B63-A886BC4405EC}.Release|Any CPU.ActiveCfg = Release|Any CPU
		{F65958B2-6A2F-45F9-9B63-A886BC4405EC}.Release|Any CPU.Build.0 = Release|Any CPU
		{D77DB5AE-F537-4E70-A405-701FA33BDF11}.Debug|Any CPU.ActiveCfg = Debug|Any CPU
		{D77DB5AE-F537-4E70-A405-701FA33BDF11}.Debug|Any CPU.Build.0 = Debug|Any CPU
		{D77DB5AE-F537-4E70-A405-701FA33BDF11}.Release|Any CPU.ActiveCfg = Release|Any CPU
		{D77DB5AE-F537-4E70-A405-701FA33BDF11}.Release|Any CPU.Build.0 = Release|Any CPU
		{65D32028-7405-407B-BAD6-6C0C137B90E6}.Debug|Any CPU.ActiveCfg = Debug|Any CPU
		{65D32028-7405-407B-BAD6-6C0C137B90E6}.Debug|Any CPU.Build.0 = Debug|Any CPU
		{65D32028-7405-407B-BAD6-6C0C137B90E6}.Release|Any CPU.ActiveCfg = Release|Any CPU
		{65D32028-7405-407B-BAD6-6C0C137B90E6}.Release|Any CPU.Build.0 = Release|Any CPU
		{72385A15-7BF8-476A-9080-13406B9E3E34}.Debug|Any CPU.ActiveCfg = Debug|Any CPU
		{72385A15-7BF8-476A-9080-13406B9E3E34}.Debug|Any CPU.Build.0 = Debug|Any CPU
		{72385A15-7BF8-476A-9080-13406B9E3E34}.Release|Any CPU.ActiveCfg = Release|Any CPU
		{72385A15-7BF8-476A-9080-13406B9E3E34}.Release|Any CPU.Build.0 = Release|Any CPU
		{ABDEC12A-6012-4EA6-BE7B-DA317E3D4A47}.Debug|Any CPU.ActiveCfg = Debug|Any CPU
		{ABDEC12A-6012-4EA6-BE7B-DA317E3D4A47}.Debug|Any CPU.Build.0 = Debug|Any CPU
		{ABDEC12A-6012-4EA6-BE7B-DA317E3D4A47}.Release|Any CPU.ActiveCfg = Release|Any CPU
		{ABDEC12A-6012-4EA6-BE7B-DA317E3D4A47}.Release|Any CPU.Build.0 = Release|Any CPU
		{76681059-009C-458B-AB85-54FF25BD4CD9}.Debug|Any CPU.ActiveCfg = Debug|Any CPU
		{76681059-009C-458B-AB85-54FF25BD4CD9}.Debug|Any CPU.Build.0 = Debug|Any CPU
		{76681059-009C-458B-AB85-54FF25BD4CD9}.Release|Any CPU.ActiveCfg = Release|Any CPU
		{76681059-009C-458B-AB85-54FF25BD4CD9}.Release|Any CPU.Build.0 = Release|Any CPU
		{68C80481-FA84-4120-8AF2-848259EB1C7F}.Debug|Any CPU.ActiveCfg = Debug|Any CPU
		{68C80481-FA84-4120-8AF2-848259EB1C7F}.Debug|Any CPU.Build.0 = Debug|Any CPU
		{68C80481-FA84-4120-8AF2-848259EB1C7F}.Release|Any CPU.ActiveCfg = Release|Any CPU
		{68C80481-FA84-4120-8AF2-848259EB1C7F}.Release|Any CPU.Build.0 = Release|Any CPU
	EndGlobalSection
	GlobalSection(SolutionProperties) = preSolution
		HideSolutionNode = FALSE
	EndGlobalSection
	GlobalSection(NestedProjects) = preSolution
		{9CD09FEE-B982-4F43-8EE9-D9CB2E974C8E} = {C4B7AE05-036B-4213-BC52-0D159148ED02}
		{F65958B2-6A2F-45F9-9B63-A886BC4405EC} = {2C96D0A3-73B9-4069-A8BC-CFAAED5EDFCA}
		{D77DB5AE-F537-4E70-A405-701FA33BDF11} = {2C96D0A3-73B9-4069-A8BC-CFAAED5EDFCA}
		{65D32028-7405-407B-BAD6-6C0C137B90E6} = {C4B7AE05-036B-4213-BC52-0D159148ED02}
		{72385A15-7BF8-476A-9080-13406B9E3E34} = {E9530AFC-C687-42BD-8A4E-CC6CED458B57}
		{ABDEC12A-6012-4EA6-BE7B-DA317E3D4A47} = {C4B7AE05-036B-4213-BC52-0D159148ED02}
		{76681059-009C-458B-AB85-54FF25BD4CD9} = {E9530AFC-C687-42BD-8A4E-CC6CED458B57}
		{68C80481-FA84-4120-8AF2-848259EB1C7F} = {405C0CCA-E7D6-4B3B-ADA7-90F4696E69EF}
	EndGlobalSection
	GlobalSection(ExtensibilityGlobals) = postSolution
		SolutionGuid = {CFF0D3DD-AA88-4AE2-8DFA-23977187C968}
	EndGlobalSection
EndGlobal
